Microsoft Visual Studio Solution File, Format Version 12.00
# Visual Studio Version 17
VisualStudioVersion = 17.5.2.0
MinimumVisualStudioVersion = 10.0.40219.1
Project("{FAE04EC0-301F-11D3-BF4B-00C04F79EFBC}") = "SkiaMD3Expressive.Maui", "SkiaMD3Expressive.Maui.csproj", "{A9ECBCCA-0C5D-658D-71E4-FF82A0B10D7D}"
EndProject
Global
	GlobalSection(SolutionConfigurationPlatforms) = preSolution
		Debug|Any CPU = Debug|Any CPU
		Release|Any CPU = Release|Any CPU
	EndGlobalSection
	GlobalSection(ProjectConfigurationPlatforms) = postSolution
		{A9ECBCCA-0C5D-658D-71E4-FF82A0B10D7D}.Debug|Any CPU.ActiveCfg = Debug|Any CPU
		{A9ECBCCA-0C5D-658D-71E4-FF82A0B10D7D}.Debug|Any CPU.Build.0 = Debug|Any CPU
		{A9ECBCCA-0C5D-658D-71E4-FF82A0B10D7D}.Release|Any CPU.ActiveCfg = Release|Any CPU
		{A9ECBCCA-0C5D-658D-71E4-FF82A0B10D7D}.Release|Any CPU.Build.0 = Release|Any CPU
	EndGlobalSection
	GlobalSection(SolutionProperties) = preSolution
		HideSolutionNode = FALSE
	EndGlobalSection
	GlobalSection(ExtensibilityGlobals) = postSolution
		SolutionGuid = {CCD501AF-67F0-4A9B-8B6A-2054D309E228}
	EndGlobalSection
EndGlobal
